
Microsoft Visual Studio Solution File, Format Version 12.00
# Visual Studio Version 17
VisualStudioVersion = 17.0.31919.166
MinimumVisualStudioVersion = 10.0.40219.1
Project("{9A19103F-16F7-4668-BE54-9A1E7A4F7556}") = "Webzine.WebApplication", "Webzine.WebApplication\Webzine.WebApplication.csproj", "{B2E4D367-8BC6-4C67-919D-6F663C092290}"
EndProject
Project("{9A19103F-16F7-4668-BE54-9A1E7A4F7556}") = "Webzine.Entity", "Webzine.Entity\Webzine.Entity.csproj", "{57B95B1C-7077-4545-9D6E-1AB1F75CE629}"
EndProject
Project("{9A19103F-16F7-4668-BE54-9A1E7A4F7556}") = "Webzine.Entity.Tests", "Webzine.Entity.Tests\Webzine.Entity.Tests.csproj", "{CAF61CEA-909C-4AB3-8CBB-7111628A4831}"
EndProject
Project("{9A19103F-16F7-4668-BE54-9A1E7A4F7556}") = "Webzine.Documentation", "Webzine.Documentation\Webzine.Documentation.csproj", "{1A0027F7-C9AF-4A38-9E90-DB15DC648E8A}"
EndProject
Project("{9A19103F-16F7-4668-BE54-9A1E7A4F7556}") = "Webzine.Repository", "Webzine.Repository\Webzine.Repository.csproj", "{71BB1009-B164-4751-BD11-7301D0AF7B44}"
EndProject
Project("{9A19103F-16F7-4668-BE54-9A1E7A4F7556}") = "Webzine.Repository.Contracts", "Webzine.Repository.Contracts\Webzine.Repository.Contracts.csproj", "{F4C5FD41-7936-441D-A7CB-A4AAE5E70948}"
EndProject
Project("{9A19103F-16F7-4668-BE54-9A1E7A4F7556}") = "Webzine.EntitiesContext", "Webzine.EntitiesContext\Webzine.EntitiesContext.csproj", "{AB13F8B3-2BE4-4872-86C0-F47DDD11DBDE}"
EndProject
Project("{FAE04EC0-301F-11D3-BF4B-00C04F79EFBC}") = "Webzine.Models", "Webzine.Models\Webzine.Models.csproj", "{4BAE7F88-C160-467D-99D8-77D068170467}"
EndProject
Global
	GlobalSection(SolutionConfigurationPlatforms) = preSolution
		Debug|Any CPU = Debug|Any CPU
		Release|Any CPU = Release|Any CPU
	EndGlobalSection
	GlobalSection(ProjectConfigurationPlatforms) = postSolution
		{B2E4D367-8BC6-4C67-919D-6F663C092290}.Debug|Any CPU.ActiveCfg = Debug|Any CPU
		{B2E4D367-8BC6-4C67-919D-6F663C092290}.Debug|Any CPU.Build.0 = Debug|Any CPU
		{B2E4D367-8BC6-4C67-919D-6F663C092290}.Release|Any CPU.ActiveCfg = Release|Any CPU
		{B2E4D367-8BC6-4C67-919D-6F663C092290}.Release|Any CPU.Build.0 = Release|Any CPU
		{57B95B1C-7077-4545-9D6E-1AB1F75CE629}.Debug|Any CPU.ActiveCfg = Debug|Any CPU
		{57B95B1C-7077-4545-9D6E-1AB1F75CE629}.Debug|Any CPU.Build.0 = Debug|Any CPU
		{57B95B1C-7077-4545-9D6E-1AB1F75CE629}.Release|Any CPU.ActiveCfg = Release|Any CPU
		{57B95B1C-7077-4545-9D6E-1AB1F75CE629}.Release|Any CPU.Build.0 = Release|Any CPU
		{CAF61CEA-909C-4AB3-8CBB-7111628A4831}.Debug|Any CPU.ActiveCfg = Debug|Any CPU
		{CAF61CEA-909C-4AB3-8CBB-7111628A4831}.Debug|Any CPU.Build.0 = Debug|Any CPU
		{CAF61CEA-909C-4AB3-8CBB-7111628A4831}.Release|Any CPU.ActiveCfg = Release|Any CPU
		{CAF61CEA-909C-4AB3-8CBB-7111628A4831}.Release|Any CPU.Build.0 = Release|Any CPU
		{1A0027F7-C9AF-4A38-9E90-DB15DC648E8A}.Debug|Any CPU.ActiveCfg = Debug|Any CPU
		{1A0027F7-C9AF-4A38-9E90-DB15DC648E8A}.Debug|Any CPU.Build.0 = Debug|Any CPU
		{1A0027F7-C9AF-4A38-9E90-DB15DC648E8A}.Release|Any CPU.ActiveCfg = Release|Any CPU
		{1A0027F7-C9AF-4A38-9E90-DB15DC648E8A}.Release|Any CPU.Build.0 = Release|Any CPU
		{71BB1009-B164-4751-BD11-7301D0AF7B44}.Debug|Any CPU.ActiveCfg = Debug|Any CPU
		{71BB1009-B164-4751-BD11-7301D0AF7B44}.Debug|Any CPU.Build.0 = Debug|Any CPU
		{71BB1009-B164-4751-BD11-7301D0AF7B44}.Release|Any CPU.ActiveCfg = Release|Any CPU
		{71BB1009-B164-4751-BD11-7301D0AF7B44}.Release|Any CPU.Build.0 = Release|Any CPU
		{F4C5FD41-7936-441D-A7CB-A4AAE5E70948}.Debug|Any CPU.ActiveCfg = Debug|Any CPU
		{F4C5FD41-7936-441D-A7CB-A4AAE5E70948}.Debug|Any CPU.Build.0 = Debug|Any CPU
		{F4C5FD41-7936-441D-A7CB-A4AAE5E70948}.Release|Any CPU.ActiveCfg = Release|Any CPU
		{F4C5FD41-7936-441D-A7CB-A4AAE5E70948}.Release|Any CPU.Build.0 = Release|Any CPU
		{AB13F8B3-2BE4-4872-86C0-F47DDD11DBDE}.Debug|Any CPU.ActiveCfg = Debug|Any CPU
		{AB13F8B3-2BE4-4872-86C0-F47DDD11DBDE}.Debug|Any CPU.Build.0 = Debug|Any CPU
		{AB13F8B3-2BE4-4872-86C0-F47DDD11DBDE}.Release|Any CPU.ActiveCfg = Release|Any CPU
		{AB13F8B3-2BE4-4872-86C0-F47DDD11DBDE}.Release|Any CPU.Build.0 = Release|Any CPU
		{4BAE7F88-C160-467D-99D8-77D068170467}.Debug|Any CPU.ActiveCfg = Debug|Any CPU
		{4BAE7F88-C160-467D-99D8-77D068170467}.Debug|Any CPU.Build.0 = Debug|Any CPU
		{4BAE7F88-C160-467D-99D8-77D068170467}.Release|Any CPU.ActiveCfg = Release|Any CPU
		{4BAE7F88-C160-467D-99D8-77D068170467}.Release|Any CPU.Build.0 = Release|Any CPU
	EndGlobalSection
	GlobalSection(SolutionProperties) = preSolution
		HideSolutionNode = FALSE
	EndGlobalSection
	GlobalSection(ExtensibilityGlobals) = postSolution
		SolutionGuid = {E931F228-08AC-4D19-9F79-88F087627694}
	EndGlobalSection
EndGlobal
